
Microsoft Visual Studio Solution File, Format Version 12.00
# Visual Studio 15
VisualStudioVersion = 15.0.26430.6
MinimumVisualStudioVersion = 10.0.40219.1
Project("{FAE04EC0-301F-11D3-BF4B-00C04F79EFBC}") = "WebApiSample", "WebApiSample\WebApiSample.csproj", "{59E5DB76-2F3E-4654-98B7-550591A3CA94}"
EndProject
Project("{FAE04EC0-301F-11D3-BF4B-00C04F79EFBC}") = "Tests", "Tests\Tests.csproj", "{A970F7C9-9F52-4FA5-9558-C026B54AC9B9}"
EndProject
Global
	GlobalSection(SolutionConfigurationPlatforms) = preSolution
		Debug|Any CPU = Debug|Any CPU
		Release|Any CPU = Release|Any CPU
	EndGlobalSection
	GlobalSection(ProjectConfigurationPlatforms) = postSolution
		{59E5DB76-2F3E-4654-98B7-550591A3CA94}.Debug|Any CPU.ActiveCfg = Debug|Any CPU
		{59E5DB76-2F3E-4654-98B7-550591A3CA94}.Debug|Any CPU.Build.0 = Debug|Any CPU
		{59E5DB76-2F3E-4654-98B7-550591A3CA94}.Release|Any CPU.ActiveCfg = Release|Any CPU
		{59E5DB76-2F3E-4654-98B7-550591A3CA94}.Release|Any CPU.Build.0 = Release|Any CPU
		{A970F7C9-9F52-4FA5-9558-C026B54AC9B9}.Debug|Any CPU.ActiveCfg = Debug|Any CPU
		{A970F7C9-9F52-4FA5-9558-C026B54AC9B9}.Debug|Any CPU.Build.0 = Debug|Any CPU
		{A970F7C9-9F52-4FA5-9558-C026B54AC9B9}.Release|Any CPU.ActiveCfg = Release|Any CPU
		{A970F7C9-9F52-4FA5-9558-C026B54AC9B9}.Release|Any CPU.Build.0 = Release|Any CPU
	EndGlobalSection
	GlobalSection(SolutionProperties) = preSolution
		HideSolutionNode = FALSE
	EndGlobalSection
EndGlobal
